// !$*UTF8*$!
{
	archiveVersion = 1;
	classes = {
	};
	objectVersion = 55;
	objects = {

/* Begin PBXBuildFile section */
		9511BBDA28C0B54800BAFB7B /* HomeViewModel.swift in Sources */ = {isa = PBXBuildFile; fileRef = 9511BBD928C0B54800BAFB7B /* HomeViewModel.swift */; };
		9511BBDC28C0B5A500BAFB7B /* SelectionViewModel.swift in Sources */ = {isa = PBXBuildFile; fileRef = 9511BBDB28C0B5A500BAFB7B /* SelectionViewModel.swift */; };
		95F245FD28BCE5A000E01BF3 /* AppDelegate.swift in Sources */ = {isa = PBXBuildFile; fileRef = 95F245FC28BCE5A000E01BF3 /* AppDelegate.swift */; };
		95F245FF28BCE5A000E01BF3 /* SceneDelegate.swift in Sources */ = {isa = PBXBuildFile; fileRef = 95F245FE28BCE5A000E01BF3 /* SceneDelegate.swift */; };
		95F2460128BCE5A000E01BF3 /* HomeViewController.swift in Sources */ = {isa = PBXBuildFile; fileRef = 95F2460028BCE5A000E01BF3 /* HomeViewController.swift */; };
		95F2460628BCE5A200E01BF3 /* Assets.xcassets in Resources */ = {isa = PBXBuildFile; fileRef = 95F2460528BCE5A200E01BF3 /* Assets.xcassets */; };
		95F2460928BCE5A200E01BF3 /* LaunchScreen.storyboard in Resources */ = {isa = PBXBuildFile; fileRef = 95F2460728BCE5A200E01BF3 /* LaunchScreen.storyboard */; };
		95F2461C28BCE8C000E01BF3 /* NetworkManager.swift in Sources */ = {isa = PBXBuildFile; fileRef = 95F2461128BCE8BF00E01BF3 /* NetworkManager.swift */; };
		95F2461F28BCE8C000E01BF3 /* CityModel.swift in Sources */ = {isa = PBXBuildFile; fileRef = 95F2461728BCE8C000E01BF3 /* CityModel.swift */; };
		95F2462028BCE8C000E01BF3 /* DataModel.swift in Sources */ = {isa = PBXBuildFile; fileRef = 95F2461828BCE8C000E01BF3 /* DataModel.swift */; };
		95F2462328BCE8C000E01BF3 /* SelectionViewController.swift in Sources */ = {isa = PBXBuildFile; fileRef = 95F2461B28BCE8C000E01BF3 /* SelectionViewController.swift */; };
		95F2462928BCECD900E01BF3 /* WebCityDataModel.swift in Sources */ = {isa = PBXBuildFile; fileRef = 95F2462828BCECD900E01BF3 /* WebCityDataModel.swift */; };
		95F2462B28BCECEE00E01BF3 /* WebWeatherModel.swift in Sources */ = {isa = PBXBuildFile; fileRef = 95F2462A28BCECEE00E01BF3 /* WebWeatherModel.swift */; };
		95F2462D28BCED2D00E01BF3 /* TemperatureFormat.swift in Sources */ = {isa = PBXBuildFile; fileRef = 95F2462C28BCED2D00E01BF3 /* TemperatureFormat.swift */; };
/* End PBXBuildFile section */

/* Begin PBXFileReference section */
		9511BBD928C0B54800BAFB7B /* HomeViewModel.swift */ = {isa = PBXFileReference; lastKnownFileType = sourcecode.swift; path = HomeViewModel.swift; sourceTree = "<group>"; };
		9511BBDB28C0B5A500BAFB7B /* SelectionViewModel.swift */ = {isa = PBXFileReference; lastKnownFileType = sourcecode.swift; path = SelectionViewModel.swift; sourceTree = "<group>"; };
		95F245F928BCE5A000E01BF3 /* weather.app */ = {isa = PBXFileReference; explicitFileType = wrapper.application; includeInIndex = 0; path = weather.app; sourceTree = BUILT_PRODUCTS_DIR; };
		95F245FC28BCE5A000E01BF3 /* AppDelegate.swift */ = {isa = PBXFileReference; lastKnownFileType = sourcecode.swift; path = AppDelegate.swift; sourceTree = "<group>"; };
		95F245FE28BCE5A000E01BF3 /* SceneDelegate.swift */ = {isa = PBXFileReference; lastKnownFileType = sourcecode.swift; path = SceneDelegate.swift; sourceTree = "<group>"; };
		95F2460028BCE5A000E01BF3 /* HomeViewController.swift */ = {isa = PBXFileReference; lastKnownFileType = sourcecode.swift; path = HomeViewController.swift; sourceTree = "<group>"; };
		95F2460528BCE5A200E01BF3 /* Assets.xcassets */ = {isa = PBXFileReference; lastKnownFileType = folder.assetcatalog; path = Assets.xcassets; sourceTree = "<group>"; };
		95F2460828BCE5A200E01BF3 /* Base */ = {isa = PBXFileReference; lastKnownFileType = file.storyboard; name = Base; path = Base.lproj/LaunchScreen.storyboard; sourceTree = "<group>"; };
		95F2460A28BCE5A200E01BF3 /* Info.plist */ = {isa = PBXFileReference; lastKnownFileType = text.plist.xml; path = Info.plist; sourceTree = "<group>"; };
		95F2461128BCE8BF00E01BF3 /* NetworkManager.swift */ = {isa = PBXFileReference; fileEncoding = 4; lastKnownFileType = sourcecode.swift; path = NetworkManager.swift; sourceTree = "<group>"; };
		95F2461728BCE8C000E01BF3 /* CityModel.swift */ = {isa = PBXFileReference; fileEncoding = 4; lastKnownFileType = sourcecode.swift; path = CityModel.swift; sourceTree = "<group>"; };
		95F2461828BCE8C000E01BF3 /* DataModel.swift */ = {isa = PBXFileReference; fileEncoding = 4; lastKnownFileType = sourcecode.swift; path = DataModel.swift; sourceTree = "<group>"; };
		95F2461B28BCE8C000E01BF3 /* SelectionViewController.swift */ = {isa = PBXFileReference; fileEncoding = 4; lastKnownFileType = sourcecode.swift; path = SelectionViewController.swift; sourceTree = "<group>"; };
		95F2462828BCECD900E01BF3 /* WebCityDataModel.swift */ = {isa = PBXFileReference; lastKnownFileType = sourcecode.swift; path = WebCityDataModel.swift; sourceTree = "<group>"; };
		95F2462A28BCECEE00E01BF3 /* WebWeatherModel.swift */ = {isa = PBXFileReference; lastKnownFileType = sourcecode.swift; path = WebWeatherModel.swift; sourceTree = "<group>"; };
		95F2462C28BCED2D00E01BF3 /* TemperatureFormat.swift */ = {isa = PBXFileReference; lastKnownFileType = sourcecode.swift; path = TemperatureFormat.swift; sourceTree = "<group>"; };
/* End PBXFileReference section */

/* Begin PBXFrameworksBuildPhase section */
		95F245F628BCE5A000E01BF3 /* Frameworks */ = {
			isa = PBXFrameworksBuildPhase;
			buildActionMask = 2147483647;
			files = (
			);
			runOnlyForDeploymentPostprocessing = 0;
		};
/* End PBXFrameworksBuildPhase section */

/* Begin PBXGroup section */
		9511BBDD28C0B67200BAFB7B /* Home */ = {
			isa = PBXGroup;
			children = (
				9511BBD928C0B54800BAFB7B /* HomeViewModel.swift */,
				95F2460028BCE5A000E01BF3 /* HomeViewController.swift */,
			);
			path = Home;
			sourceTree = "<group>";
		};
		9511BBDE28C0B67C00BAFB7B /* Selection */ = {
			isa = PBXGroup;
			children = (
				9511BBDB28C0B5A500BAFB7B /* SelectionViewModel.swift */,
				95F2461B28BCE8C000E01BF3 /* SelectionViewController.swift */,
			);
			path = Selection;
			sourceTree = "<group>";
		};
		9511BBDF28C209D100BAFB7B /* Screens */ = {
			isa = PBXGroup;
			children = (
				9511BBDD28C0B67200BAFB7B /* Home */,
				9511BBDE28C0B67C00BAFB7B /* Selection */,
			);
			path = Screens;
			sourceTree = "<group>";
		};
		9511BBE028C209E500BAFB7B /* Managers */ = {
			isa = PBXGroup;
			children = (
				95F2461128BCE8BF00E01BF3 /* NetworkManager.swift */,
			);
			path = Managers;
			sourceTree = "<group>";
		};
		95F245F028BCE5A000E01BF3 = {
			isa = PBXGroup;
			children = (
				95F245FB28BCE5A000E01BF3 /* weather */,
				95F245FA28BCE5A000E01BF3 /* Products */,
			);
			sourceTree = "<group>";
		};
		95F245FA28BCE5A000E01BF3 /* Products */ = {
			isa = PBXGroup;
			children = (
				95F245F928BCE5A000E01BF3 /* weather.app */,
			);
			name = Products;
			sourceTree = "<group>";
		};
		95F245FB28BCE5A000E01BF3 /* weather */ = {
			isa = PBXGroup;
			children = (
				95F2462428BCE9BF00E01BF3 /* Core */,
				9511BBDF28C209D100BAFB7B /* Screens */,
				9511BBE028C209E500BAFB7B /* Managers */,
				95F2461228BCE8BF00E01BF3 /* Models */,
				95F2460528BCE5A200E01BF3 /* Assets.xcassets */,
				95F2460728BCE5A200E01BF3 /* LaunchScreen.storyboard */,
				95F2460A28BCE5A200E01BF3 /* Info.plist */,
			);
			path = weather;
			sourceTree = "<group>";
		};
		95F2461228BCE8BF00E01BF3 /* Models */ = {
			isa = PBXGroup;
			children = (
				95F2462728BCECC000E01BF3 /* WebModels */,
				95F2461728BCE8C000E01BF3 /* CityModel.swift */,
				95F2461828BCE8C000E01BF3 /* DataModel.swift */,
				95F2462C28BCED2D00E01BF3 /* TemperatureFormat.swift */,
			);
			path = Models;
			sourceTree = "<group>";
		};
		95F2462428BCE9BF00E01BF3 /* Core */ = {
			isa = PBXGroup;
			children = (
				95F245FE28BCE5A000E01BF3 /* SceneDelegate.swift */,
				95F245FC28BCE5A000E01BF3 /* AppDelegate.swift */,
			);
			path = Core;
			sourceTree = "<group>";
		};
		95F2462728BCECC000E01BF3 /* WebModels */ = {
			isa = PBXGroup;
			children = (
				95F2462828BCECD900E01BF3 /* WebCityDataModel.swift */,
				95F2462A28BCECEE00E01BF3 /* WebWeatherModel.swift */,
			);
			name = WebModels;
			sourceTree = "<group>";
		};
/* End PBXGroup section */

/* Begin PBXNativeTarget section */
		95F245F828BCE5A000E01BF3 /* weather */ = {
			isa = PBXNativeTarget;
			buildConfigurationList = 95F2460D28BCE5A200E01BF3 /* Build configuration list for PBXNativeTarget "weather" */;
			buildPhases = (
				95F245F528BCE5A000E01BF3 /* Sources */,
				95F245F628BCE5A000E01BF3 /* Frameworks */,
				95F245F728BCE5A000E01BF3 /* Resources */,
			);
			buildRules = (
			);
			dependencies = (
			);
			name = weather;
			productName = weather;
			productReference = 95F245F928BCE5A000E01BF3 /* weather.app */;
			productType = "com.apple.product-type.application";
		};
/* End PBXNativeTarget section */

/* Begin PBXProject section */
		95F245F128BCE5A000E01BF3 /* Project object */ = {
			isa = PBXProject;
			attributes = {
				BuildIndependentTargetsInParallel = 1;
				LastSwiftUpdateCheck = 1340;
				LastUpgradeCheck = 1340;
				TargetAttributes = {
					95F245F828BCE5A000E01BF3 = {
						CreatedOnToolsVersion = 13.4.1;
					};
				};
			};
			buildConfigurationList = 95F245F428BCE5A000E01BF3 /* Build configuration list for PBXProject "weather" */;
			compatibilityVersion = "Xcode 13.0";
			developmentRegion = en;
			hasScannedForEncodings = 0;
			knownRegions = (
				en,
				Base,
			);
			mainGroup = 95F245F028BCE5A000E01BF3;
			productRefGroup = 95F245FA28BCE5A000E01BF3 /* Products */;
			projectDirPath = "";
			projectRoot = "";
			targets = (
				95F245F828BCE5A000E01BF3 /* weather */,
			);
		};
/* End PBXProject section */

/* Begin PBXResourcesBuildPhase section */
		95F245F728BCE5A000E01BF3 /* Resources */ = {
			isa = PBXResourcesBuildPhase;
			buildActionMask = 2147483647;
			files = (
				95F2460928BCE5A200E01BF3 /* LaunchScreen.storyboard in Resources */,
				95F2460628BCE5A200E01BF3 /* Assets.xcassets in Resources */,
			);
			runOnlyForDeploymentPostprocessing = 0;
		};
/* End PBXResourcesBuildPhase section */

/* Begin PBXSourcesBuildPhase section */
		95F245F528BCE5A000E01BF3 /* Sources */ = {
			isa = PBXSourcesBuildPhase;
			buildActionMask = 2147483647;
			files = (
				95F2461C28BCE8C000E01BF3 /* NetworkManager.swift in Sources */,
				9511BBDA28C0B54800BAFB7B /* HomeViewModel.swift in Sources */,
				95F2461F28BCE8C000E01BF3 /* CityModel.swift in Sources */,
				95F2462028BCE8C000E01BF3 /* DataModel.swift in Sources */,
				95F2462D28BCED2D00E01BF3 /* TemperatureFormat.swift in Sources */,
				9511BBDC28C0B5A500BAFB7B /* SelectionViewModel.swift in Sources */,
				95F2462928BCECD900E01BF3 /* WebCityDataModel.swift in Sources */,
				95F2460128BCE5A000E01BF3 /* HomeViewController.swift in Sources */,
				95F2462328BCE8C000E01BF3 /* SelectionViewController.swift in Sources */,
				95F245FD28BCE5A000E01BF3 /* AppDelegate.swift in Sources */,
				95F245FF28BCE5A000E01BF3 /* SceneDelegate.swift in Sources */,
				95F2462B28BCECEE00E01BF3 /* WebWeatherModel.swift in Sources */,
			);
			runOnlyForDeploymentPostprocessing = 0;
		};
/* End PBXSourcesBuildPhase section */

/* Begin PBXVariantGroup section */
		95F2460728BCE5A200E01BF3 /* LaunchScreen.storyboard */ = {
			isa = PBXVariantGroup;
			children = (
				95F2460828BCE5A200E01BF3 /* Base */,
			);
			name = LaunchScreen.storyboard;
			sourceTree = "<group>";
		};
/* End PBXVariantGroup section */

/* Begin XCBuildConfiguration section */
		95F2460B28BCE5A200E01BF3 /* Debug */ = {
			isa = XCBuildConfiguration;
			buildSettings = {
				ALWAYS_SEARCH_USER_PATHS = NO;
				CLANG_ANALYZER_NONNULL = YES;
				CLANG_ANALYZER_NUMBER_OBJECT_CONVERSION = YES_AGGRESSIVE;
				CLANG_CXX_LANGUAGE_STANDARD = "gnu++17";
				CLANG_ENABLE_MODULES = YES;
				CLANG_ENABLE_OBJC_ARC = YES;
				CLANG_ENABLE_OBJC_WEAK = YES;
				CLANG_WARN_BLOCK_CAPTURE_AUTORELEASING = YES;
				CLANG_WARN_BOOL_CONVERSION = YES;
				CLANG_WARN_COMMA = YES;
				CLANG_WARN_CONSTANT_CONVERSION = YES;
				CLANG_WARN_DEPRECATED_OBJC_IMPLEMENTATIONS = YES;
				CLANG_WARN_DIRECT_OBJC_ISA_USAGE = YES_ERROR;
				CLANG_WARN_DOCUMENTATION_COMMENTS = YES;
				CLANG_WARN_EMPTY_BODY = YES;
				CLANG_WARN_ENUM_CONVERSION = YES;
				CLANG_WARN_INFINITE_RECURSION = YES;
				CLANG_WARN_INT_CONVERSION = YES;
				CLANG_WARN_NON_LITERAL_NULL_CONVERSION = YES;
				CLANG_WARN_OBJC_IMPLICIT_RETAIN_SELF = YES;
				CLANG_WARN_OBJC_LITERAL_CONVERSION = YES;
				CLANG_WARN_OBJC_ROOT_CLASS = YES_ERROR;
				CLANG_WARN_QUOTED_INCLUDE_IN_FRAMEWORK_HEADER = YES;
				CLANG_WARN_RANGE_LOOP_ANALYSIS = YES;
				CLANG_WARN_STRICT_PROTOTYPES = YES;
				CLANG_WARN_SUSPICIOUS_MOVE = YES;
				CLANG_WARN_UNGUARDED_AVAILABILITY = YES_AGGRESSIVE;
				CLANG_WARN_UNREACHABLE_CODE = YES;
				CLANG_WARN__DUPLICATE_METHOD_MATCH = YES;
				COPY_PHASE_STRIP = NO;
				DEBUG_INFORMATION_FORMAT = dwarf;
				ENABLE_STRICT_OBJC_MSGSEND = YES;
				ENABLE_TESTABILITY = YES;
				GCC_C_LANGUAGE_STANDARD = gnu11;
				GCC_DYNAMIC_NO_PIC = NO;
				GCC_NO_COMMON_BLOCKS = YES;
				GCC_OPTIMIZATION_LEVEL = 0;
				GCC_PREPROCESSOR_DEFINITIONS = (
					"DEBUG=1",
					"$(inherited)",
				);
				GCC_WARN_64_TO_32_BIT_CONVERSION = YES;
				GCC_WARN_ABOUT_RETURN_TYPE = YES_ERROR;
				GCC_WARN_UNDECLARED_SELECTOR = YES;
				GCC_WARN_UNINITIALIZED_AUTOS = YES_AGGRESSIVE;
				GCC_WARN_UNUSED_FUNCTION = YES;
				GCC_WARN_UNUSED_VARIABLE = YES;
				IPHONEOS_DEPLOYMENT_TARGET = 15.5;
				MTL_ENABLE_DEBUG_INFO = INCLUDE_SOURCE;
				MTL_FAST_MATH = YES;
				ONLY_ACTIVE_ARCH = YES;
				SDKROOT = iphoneos;
				SWIFT_ACTIVE_COMPILATION_CONDITIONS = DEBUG;
				SWIFT_OPTIMIZATION_LEVEL = "-Onone";
			};
			name = Debug;
		};
		95F2460C28BCE5A200E01BF3 /* Release */ = {
			isa = XCBuildConfiguration;
			buildSettings = {
				ALWAYS_SEARCH_USER_PATHS = NO;
				CLANG_ANALYZER_NONNULL = YES;
				CLANG_ANALYZER_NUMBER_OBJECT_CONVERSION = YES_AGGRESSIVE;
				CLANG_CXX_LANGUAGE_STANDARD = "gnu++17";
				CLANG_ENABLE_MODULES = YES;
				CLANG_ENABLE_OBJC_ARC = YES;
				CLANG_ENABLE_OBJC_WEAK = YES;
				CLANG_WARN_BLOCK_CAPTURE_AUTORELEASING = YES;
				CLANG_WARN_BOOL_CONVERSION = YES;
				CLANG_WARN_COMMA = YES;
				CLANG_WARN_CONSTANT_CONVERSION = YES;
				CLANG_WARN_DEPRECATED_OBJC_IMPLEMENTATIONS = YES;
				CLANG_WARN_DIRECT_OBJC_ISA_USAGE = YES_ERROR;
				CLANG_WARN_DOCUMENTATION_COMMENTS = YES;
				CLANG_WARN_EMPTY_BODY = YES;
				CLANG_WARN_ENUM_CONVERSION = YES;
				CLANG_WARN_INFINITE_RECURSION = YES;
				CLANG_WARN_INT_CONVERSION = YES;
				CLANG_WARN_NON_LITERAL_NULL_CONVERSION = YES;
				CLANG_WARN_OBJC_IMPLICIT_RETAIN_SELF = YES;
				CLANG_WARN_OBJC_LITERAL_CONVERSION = YES;
				CLANG_WARN_OBJC_ROOT_CLASS = YES_ERROR;
				CLANG_WARN_QUOTED_INCLUDE_IN_FRAMEWORK_HEADER = YES;
				CLANG_WARN_RANGE_LOOP_ANALYSIS = YES;
				CLANG_WARN_STRICT_PROTOTYPES = YES;
				CLANG_WARN_SUSPICIOUS_MOVE = YES;
				CLANG_WARN_UNGUARDED_AVAILABILITY = YES_AGGRESSIVE;
				CLANG_WARN_UNREACHABLE_CODE = YES;
				CLANG_WARN__DUPLICATE_METHOD_MATCH = YES;
				COPY_PHASE_STRIP = NO;
				DEBUG_INFORMATION_FORMAT = "dwarf-with-dsym";
				ENABLE_NS_ASSERTIONS = NO;
				ENABLE_STRICT_OBJC_MSGSEND = YES;
				GCC_C_LANGUAGE_STANDARD = gnu11;
				GCC_NO_COMMON_BLOCKS = YES;
				GCC_WARN_64_TO_32_BIT_CONVERSION = YES;
				GCC_WARN_ABOUT_RETURN_TYPE = YES_ERROR;
				GCC_WARN_UNDECLARED_SELECTOR = YES;
				GCC_WARN_UNINITIALIZED_AUTOS = YES_AGGRESSIVE;
				GCC_WARN_UNUSED_FUNCTION = YES;
				GCC_WARN_UNUSED_VARIABLE = YES;
				IPHONEOS_DEPLOYMENT_TARGET = 15.5;
				MTL_ENABLE_DEBUG_INFO = NO;
				MTL_FAST_MATH = YES;
				SDKROOT = iphoneos;
				SWIFT_COMPILATION_MODE = wholemodule;
				SWIFT_OPTIMIZATION_LEVEL = "-O";
				VALIDATE_PRODUCT = YES;
			};
			name = Release;
		};
		95F2460E28BCE5A200E01BF3 /* Debug */ = {
			isa = XCBuildConfiguration;
			buildSettings = {
				ASSETCATALOG_COMPILER_GLOBAL_ACCENT_COLOR_NAME = AccentColor;
				CODE_SIGN_STYLE = Automatic;
				CURRENT_PROJECT_VERSION = 1;
				GENERATE_INFOPLIST_FILE = YES;
				INFOPLIST_FILE = weather/Info.plist;
				INFOPLIST_KEY_UIApplicationSupportsIndirectInputEvents = YES;
				INFOPLIST_KEY_UILaunchStoryboardName = LaunchScreen;
				INFOPLIST_KEY_UISupportedInterfaceOrientations_iPad = "UIInterfaceOrientationPortrait UIInterfaceOrientationPortraitUpsideDown UIInterfaceOrientationLandscapeLeft UIInterfaceOrientationLandscapeRight";
				INFOPLIST_KEY_UISupportedInterfaceOrientations_iPhone = "UIInterfaceOrientationPortrait UIInterfaceOrientationLandscapeLeft UIInterfaceOrientationLandscapeRight";
				LD_RUNPATH_SEARCH_PATHS = (
					"$(inherited)",
					"@executable_path/Frameworks",
				);
				MARKETING_VERSION = 1.0;
				PRODUCT_BUNDLE_IDENTIFIER = biguniak.weather;
				PRODUCT_NAME = "$(TARGET_NAME)";
				SWIFT_EMIT_LOC_STRINGS = YES;
				SWIFT_VERSION = 5.0;
				TARGETED_DEVICE_FAMILY = "1,2";
			};
			name = Debug;
		};
		95F2460F28BCE5A200E01BF3 /* Release */ = {
			isa = XCBuildConfiguration;
			buildSettings = {
				ASSETCATALOG_COMPILER_GLOBAL_ACCENT_COLOR_NAME = AccentColor;
				CODE_SIGN_STYLE = Automatic;
				CURRENT_PROJECT_VERSION = 1;
				GENERATE_INFOPLIST_FILE = YES;
				INFOPLIST_FILE = weather/Info.plist;
				INFOPLIST_KEY_UIApplicationSupportsIndirectInputEvents = YES;
				INFOPLIST_KEY_UILaunchStoryboardName = LaunchScreen;
				INFOPLIST_KEY_UISupportedInterfaceOrientations_iPad = "UIInterfaceOrientationPortrait UIInterfaceOrientationPortraitUpsideDown UIInterfaceOrientationLandscapeLeft UIInterfaceOrientationLandscapeRight";
				INFOPLIST_KEY_UISupportedInterfaceOrientations_iPhone = "UIInterfaceOrientationPortrait UIInterfaceOrientationLandscapeLeft UIInterfaceOrientationLandscapeRight";
				LD_RUNPATH_SEARCH_PATHS = (
					"$(inherited)",
					"@executable_path/Frameworks",
				);
				MARKETING_VERSION = 1.0;
				PRODUCT_BUNDLE_IDENTIFIER = biguniak.weather;
				PRODUCT_NAME = "$(TARGET_NAME)";
				SWIFT_EMIT_LOC_STRINGS = YES;
				SWIFT_VERSION = 5.0;
				TARGETED_DEVICE_FAMILY = "1,2";
			};
			name = Release;
		};
/* End XCBuildConfiguration section */

/* Begin XCConfigurationList section */
		95F245F428BCE5A000E01BF3 /* Build configuration list for PBXProject "weather" */ = {
			isa = XCConfigurationList;
			buildConfigurations = (
				95F2460B28BCE5A200E01BF3 /* Debug */,
				95F2460C28BCE5A200E01BF3 /* Release */,
			);
			defaultConfigurationIsVisible = 0;
			defaultConfigurationName = Release;
		};
		95F2460D28BCE5A200E01BF3 /* Build configuration list for PBXNativeTarget "weather" */ = {
			isa = XCConfigurationList;
			buildConfigurations = (
				95F2460E28BCE5A200E01BF3 /* Debug */,
				95F2460F28BCE5A200E01BF3 /* Release */,
			);
			defaultConfigurationIsVisible = 0;
			defaultConfigurationName = Release;
		};
/* End XCConfigurationList section */
	};
	rootObject = 95F245F128BCE5A000E01BF3 /* Project object */;
}
